
Microsoft Visual Studio Solution File, Format Version 12.00
# Visual Studio Version 16
VisualStudioVersion = 16.0.31112.23
MinimumVisualStudioVersion = 10.0.40219.1
Project("{2150E333-8FDC-42A3-9474-1A3956D46DE8}") = "ShopManagement", "ShopManagement", "{FE33A4A5-0B7A-4481-93AA-CBE10BDAEC9F}"
EndProject
Project("{2150E333-8FDC-42A3-9474-1A3956D46DE8}") = "SM.Domain", "SM.Domain", "{2E862F64-D57A-4331-9744-222A7FCD0B22}"
EndProject
Project("{9A19103F-16F7-4668-BE54-9A1E7A4F7556}") = "ShopManagement.Domain", "ShopManagement.Domain\ShopManagement.Domain.csproj", "{24D41186-D979-4D94-9A62-088212EA6206}"
EndProject
Project("{9A19103F-16F7-4668-BE54-9A1E7A4F7556}") = "0_Framework", "0_Framework\0_Framework.csproj", "{2D393993-E8D5-4331-BF46-8E9AF2DD8021}"
EndProject
Project("{2150E333-8FDC-42A3-9474-1A3956D46DE8}") = "SM.Application", "SM.Application", "{B13C72DC-AAEA-44AA-AF49-BE044473A75D}"
EndProject
Project("{9A19103F-16F7-4668-BE54-9A1E7A4F7556}") = "ShopManagement.Application.Contracts", "ShopManageMent.Application.Contracts\ShopManagement.Application.Contracts.csproj", "{3BE0E3A5-E627-4810-B6C5-F6E4E4A0128A}"
EndProject
Project("{2150E333-8FDC-42A3-9474-1A3956D46DE8}") = "SM.Infrastructure", "SM.Infrastructure", "{D0122C5E-91D6-4992-8B0E-29251D16644C}"
EndProject
Project("{9A19103F-16F7-4668-BE54-9A1E7A4F7556}") = "ShopManagement.Infrastructure.EFCore", "ShopManagement.Infrastructure.EFCore\ShopManagement.Infrastructure.EFCore.csproj", "{B4317DDF-6662-432D-ACA2-EE550282335C}"
EndProject
Project("{9A19103F-16F7-4668-BE54-9A1E7A4F7556}") = "ShopManagement.Application", "ShopManagement.Application\ShopManagement.Application.csproj", "{2B11B32D-6A57-464D-B754-00034066492C}"
EndProject
Project("{9A19103F-16F7-4668-BE54-9A1E7A4F7556}") = "ShopManagement.Configuration", "ShopManagement.Configuration\ShopManagement.Configuration.csproj", "{99756725-AF63-43A2-947A-D6F1DFE61262}"
EndProject
Project("{9A19103F-16F7-4668-BE54-9A1E7A4F7556}") = "ServiceHost", "ServiceHost\ServiceHost.csproj", "{E9F6CC09-01E0-42B6-AB3B-A95F351CDCDD}"
EndProject
Project("{9A19103F-16F7-4668-BE54-9A1E7A4F7556}") = "01_LampShadeQuery", "01_LampShadeQuery\01_LampShadeQuery.csproj", "{01D928E6-06F6-4273-91D3-2D85E3C69579}"
EndProject
Project("{2150E333-8FDC-42A3-9474-1A3956D46DE8}") = "DiscountManagement", "DiscountManagement", "{3F726E75-A527-4898-ADFD-7BDDA4B48CFA}"
EndProject
Project("{2150E333-8FDC-42A3-9474-1A3956D46DE8}") = "DM.Domain", "DM.Domain", "{93014401-0407-49D2-8B49-0089701CBDD5}"
EndProject
Project("{9A19103F-16F7-4668-BE54-9A1E7A4F7556}") = "DiscountManagement.Domain", "DiscountManagement.Domain\DiscountManagement.Domain.csproj", "{BC10A0C8-116F-43F7-A39B-9104ACC2106F}"
EndProject
Project("{2150E333-8FDC-42A3-9474-1A3956D46DE8}") = "DM.Application", "DM.Application", "{AC7304F6-D73E-4EF9-AB03-2E7C51EEB3CD}"
EndProject
Project("{9A19103F-16F7-4668-BE54-9A1E7A4F7556}") = "DiscountManagement.Application.Contract", "DiscountManagement.Application.Contract\DiscountManagement.Application.Contract.csproj", "{D6FFCB3C-8B3D-47A2-A1DB-0AEBE9ABC499}"
EndProject
Project("{9A19103F-16F7-4668-BE54-9A1E7A4F7556}") = "DiscountManagement.Application", "DiscountManagement.Application\DiscountManagement.Application.csproj", "{0E718432-B23D-4123-936C-7E1C0EBD6C70}"
EndProject
Project("{2150E333-8FDC-42A3-9474-1A3956D46DE8}") = "DM.infrastructure", "DM.infrastructure", "{C61C2168-B75A-4B70-B1DF-217CF05279F6}"
EndProject
Project("{9A19103F-16F7-4668-BE54-9A1E7A4F7556}") = "DiscountManagement.Infrastructure.EFCore", "DiscountManagement.Infrastructure.EFCore\DiscountManagement.Infrastructure.EFCore.csproj", "{E4EAEC7D-7B00-450D-8974-54B709271BAB}"
EndProject
Project("{9A19103F-16F7-4668-BE54-9A1E7A4F7556}") = "DiscountManagement.Configuration", "DiscountManagement.Configuration\DiscountManagement.Configuration.csproj", "{E4FE2D0B-1B75-465E-9DAB-2489D6EF28C7}"
EndProject
Project("{2150E333-8FDC-42A3-9474-1A3956D46DE8}") = "InventoryManagement", "InventoryManagement", "{AB1B75ED-5D6B-4831-860B-5759A3FF9711}"
EndProject
Project("{2150E333-8FDC-42A3-9474-1A3956D46DE8}") = "IM.Application", "IM.Application", "{0017A4C6-0D6C-4341-A3FF-89E424FB8978}"
EndProject
Project("{2150E333-8FDC-42A3-9474-1A3956D46DE8}") = "IM.Domain", "IM.Domain", "{C1D39D77-C2F1-4534-BD98-A4A00B759568}"
EndProject
Project("{2150E333-8FDC-42A3-9474-1A3956D46DE8}") = "IM.Infrastructure", "IM.Infrastructure", "{A19C32D1-E6B2-4A68-B3F1-01391BAB6938}"
EndProject
Project("{9A19103F-16F7-4668-BE54-9A1E7A4F7556}") = "InventoryManagement.Domain", "InventoryManagement.Domain\InventoryManagement.Domain.csproj", "{97D80254-169B-4348-B853-200BD89416CB}"
EndProject
Project("{9A19103F-16F7-4668-BE54-9A1E7A4F7556}") = "InventoryManagement.Application", "InventoryManagement.Application\InventoryManagement.Application.csproj", "{36D0439E-A0D2-4DFB-93F7-3835C84E381A}"
EndProject
Project("{9A19103F-16F7-4668-BE54-9A1E7A4F7556}") = "InventoryManagement.Application.Contract", "InventoryManagement.Application.Contract\InventoryManagement.Application.Contract.csproj", "{6FC81C49-B534-4663-9E26-FCACF756B861}"
EndProject
Project("{9A19103F-16F7-4668-BE54-9A1E7A4F7556}") = "InventoryManagement.Infrastructure.Configuration", "InventoryManagement.Infrastructure.Configuration\InventoryManagement.Infrastructure.Configuration.csproj", "{A9E2F7AB-3BAC-4074-BF61-319CA8595495}"
EndProject
Project("{9A19103F-16F7-4668-BE54-9A1E7A4F7556}") = "InventoryMangement.Infrastructure.EFCore", "InventoryMangement.Infrastructure.EFCore\InventoryMangement.Infrastructure.EFCore.csproj", "{114AA9D3-D82E-410F-B954-2FED9435EB78}"
EndProject
Project("{2150E333-8FDC-42A3-9474-1A3956D46DE8}") = "BlogManagement", "BlogManagement", "{77D79FE3-E814-4D31-9EC2-229C5662CD29}"
EndProject
Project("{2150E333-8FDC-42A3-9474-1A3956D46DE8}") = "BM.Domain", "BM.Domain", "{8925D849-D927-40B5-A55F-4119CEDCB5C0}"
EndProject
Project("{2150E333-8FDC-42A3-9474-1A3956D46DE8}") = "BM.Application", "BM.Application", "{7A57AEB5-47B1-4D32-81C7-B515051590BD}"
EndProject
Project("{2150E333-8FDC-42A3-9474-1A3956D46DE8}") = "BM.Infrastructure", "BM.Infrastructure", "{CBD273FD-ADF2-47E2-B4BF-EF05B5905373}"
EndProject
Project("{FAE04EC0-301F-11D3-BF4B-00C04F79EFBC}") = "BlogManagement.Domain", "BlogManagement.Domain\BlogManagement.Domain.csproj", "{BE1AC00C-48D8-4066-A6E3-550CBE488287}"
EndProject
Project("{FAE04EC0-301F-11D3-BF4B-00C04F79EFBC}") = "BlogManagement.Application", "BlogManagement.Application\BlogManagement.Application.csproj", "{B48446B0-D490-4F95-AE35-6FDB653B054A}"
EndProject
Project("{FAE04EC0-301F-11D3-BF4B-00C04F79EFBC}") = "BlogManagement.Application.Contracts", "BlogManagement.Application.Contracts\BlogManagement.Application.Contracts.csproj", "{05CA5F2B-9554-4ABF-BFC0-869AA40A66CB}"
EndProject
Project("{FAE04EC0-301F-11D3-BF4B-00C04F79EFBC}") = "BlogManagement.Infrastructure.EFCore", "BlogManagement.Infrastructure.EFCore\BlogManagement.Infrastructure.EFCore.csproj", "{B2A666F9-62F8-4E7B-9014-514A87709BAB}"
EndProject
Project("{FAE04EC0-301F-11D3-BF4B-00C04F79EFBC}") = "BlogManagement.Infrastructure.Configuration", "BlogManagement.Infrastructure.Configuration\BlogManagement.Infrastructure.Configuration.csproj", "{C3E8C7F1-8F01-4966-9192-0ADFE5B321AB}"
EndProject
Project("{2150E333-8FDC-42A3-9474-1A3956D46DE8}") = "CommentManagement", "CommentManagement", "{17EECEF7-B3E8-4844-A8B7-0196F2DF03AD}"
EndProject
Project("{2150E333-8FDC-42A3-9474-1A3956D46DE8}") = "CM.Domain", "CM.Domain", "{20251EB0-F40C-4653-BAFA-28B22A7C9B1F}"
EndProject
Project("{2150E333-8FDC-42A3-9474-1A3956D46DE8}") = "CM.Application", "CM.Application", "{A6DD5AB9-01AE-4684-A078-1364C9675A21}"
EndProject
Project("{2150E333-8FDC-42A3-9474-1A3956D46DE8}") = "CM.Infrastructure", "CM.Infrastructure", "{27D23F95-DD5E-452D-AB5D-3EEBF22C8F2E}"
EndProject
Project("{FAE04EC0-301F-11D3-BF4B-00C04F79EFBC}") = "CommentManagement.Domain", "CommentManagement.Domain\CommentManagement.Domain.csproj", "{6A802442-19AF-4C4A-A897-2CEC42D91B3D}"
EndProject
Project("{FAE04EC0-301F-11D3-BF4B-00C04F79EFBC}") = "CommentManagement.Application", "CommentManagement.Application\CommentManagement.Application.csproj", "{E8B927CB-5D71-4828-B2B4-79DAF3D3C37B}"
EndProject
Project("{FAE04EC0-301F-11D3-BF4B-00C04F79EFBC}") = "CommentManagement.Application.Contracts", "CommentManagement.Application.Contracts\CommentManagement.Application.Contracts.csproj", "{ED7C13DA-B58B-4DBA-964B-E2D2ADC1FD31}"
EndProject
Project("{FAE04EC0-301F-11D3-BF4B-00C04F79EFBC}") = "CommentManagement.Infrastructure.Configuration", "CommentManagement.Infrastructure.Configuration\CommentManagement.Infrastructure.Configuration.csproj", "{76D97AE1-1735-4123-9191-39EE78EB29CE}"
EndProject
Project("{FAE04EC0-301F-11D3-BF4B-00C04F79EFBC}") = "CommnetManagement.Infrastructure.EFCore", "CommnetManagement.Infrastructure.EFCore\CommnetManagement.Infrastructure.EFCore.csproj", "{1A50D44D-A24A-416F-BE7E-E87F42DE7A68}"
EndProject
Global
	GlobalSection(SolutionConfigurationPlatforms) = preSolution
		Debug|Any CPU = Debug|Any CPU
		Release|Any CPU = Release|Any CPU
	EndGlobalSection
	GlobalSection(ProjectConfigurationPlatforms) = postSolution
		{24D41186-D979-4D94-9A62-088212EA6206}.Debug|Any CPU.ActiveCfg = Debug|Any CPU
		{24D41186-D979-4D94-9A62-088212EA6206}.Debug|Any CPU.Build.0 = Debug|Any CPU
		{24D41186-D979-4D94-9A62-088212EA6206}.Release|Any CPU.ActiveCfg = Release|Any CPU
		{24D41186-D979-4D94-9A62-088212EA6206}.Release|Any CPU.Build.0 = Release|Any CPU
		{2D393993-E8D5-4331-BF46-8E9AF2DD8021}.Debug|Any CPU.ActiveCfg = Debug|Any CPU
		{2D393993-E8D5-4331-BF46-8E9AF2DD8021}.Debug|Any CPU.Build.0 = Debug|Any CPU
		{2D393993-E8D5-4331-BF46-8E9AF2DD8021}.Release|Any CPU.ActiveCfg = Release|Any CPU
		{2D393993-E8D5-4331-BF46-8E9AF2DD8021}.Release|Any CPU.Build.0 = Release|Any CPU
		{3BE0E3A5-E627-4810-B6C5-F6E4E4A0128A}.Debug|Any CPU.ActiveCfg = Debug|Any CPU
		{3BE0E3A5-E627-4810-B6C5-F6E4E4A0128A}.Debug|Any CPU.Build.0 = Debug|Any CPU
		{3BE0E3A5-E627-4810-B6C5-F6E4E4A0128A}.Release|Any CPU.ActiveCfg = Release|Any CPU
		{3BE0E3A5-E627-4810-B6C5-F6E4E4A0128A}.Release|Any CPU.Build.0 = Release|Any CPU
		{B4317DDF-6662-432D-ACA2-EE550282335C}.Debug|Any CPU.ActiveCfg = Debug|Any CPU
		{B4317DDF-6662-432D-ACA2-EE550282335C}.Debug|Any CPU.Build.0 = Debug|Any CPU
		{B4317DDF-6662-432D-ACA2-EE550282335C}.Release|Any CPU.ActiveCfg = Release|Any CPU
		{B4317DDF-6662-432D-ACA2-EE550282335C}.Release|Any CPU.Build.0 = Release|Any CPU
		{2B11B32D-6A57-464D-B754-00034066492C}.Debug|Any CPU.ActiveCfg = Debug|Any CPU
		{2B11B32D-6A57-464D-B754-00034066492C}.Debug|Any CPU.Build.0 = Debug|Any CPU
		{2B11B32D-6A57-464D-B754-00034066492C}.Release|Any CPU.ActiveCfg = Release|Any CPU
		{2B11B32D-6A57-464D-B754-00034066492C}.Release|Any CPU.Build.0 = Release|Any CPU
		{99756725-AF63-43A2-947A-D6F1DFE61262}.Debug|Any CPU.ActiveCfg = Debug|Any CPU
		{99756725-AF63-43A2-947A-D6F1DFE61262}.Debug|Any CPU.Build.0 = Debug|Any CPU
		{99756725-AF63-43A2-947A-D6F1DFE61262}.Release|Any CPU.ActiveCfg = Release|Any CPU
		{99756725-AF63-43A2-947A-D6F1DFE61262}.Release|Any CPU.Build.0 = Release|Any CPU
		{E9F6CC09-01E0-42B6-AB3B-A95F351CDCDD}.Debug|Any CPU.ActiveCfg = Debug|Any CPU
		{E9F6CC09-01E0-42B6-AB3B-A95F351CDCDD}.Debug|Any CPU.Build.0 = Debug|Any CPU
		{E9F6CC09-01E0-42B6-AB3B-A95F351CDCDD}.Release|Any CPU.ActiveCfg = Release|Any CPU
		{E9F6CC09-01E0-42B6-AB3B-A95F351CDCDD}.Release|Any CPU.Build.0 = Release|Any CPU
		{01D928E6-06F6-4273-91D3-2D85E3C69579}.Debug|Any CPU.ActiveCfg = Debug|Any CPU
		{01D928E6-06F6-4273-91D3-2D85E3C69579}.Debug|Any CPU.Build.0 = Debug|Any CPU
		{01D928E6-06F6-4273-91D3-2D85E3C69579}.Release|Any CPU.ActiveCfg = Release|Any CPU
		{01D928E6-06F6-4273-91D3-2D85E3C69579}.Release|Any CPU.Build.0 = Release|Any CPU
		{BC10A0C8-116F-43F7-A39B-9104ACC2106F}.Debug|Any CPU.ActiveCfg = Debug|Any CPU
		{BC10A0C8-116F-43F7-A39B-9104ACC2106F}.Debug|Any CPU.Build.0 = Debug|Any CPU
		{BC10A0C8-116F-43F7-A39B-9104ACC2106F}.Release|Any CPU.ActiveCfg = Release|Any CPU
		{BC10A0C8-116F-43F7-A39B-9104ACC2106F}.Release|Any CPU.Build.0 = Release|Any CPU
		{D6FFCB3C-8B3D-47A2-A1DB-0AEBE9ABC499}.Debug|Any CPU.ActiveCfg = Debug|Any CPU
		{D6FFCB3C-8B3D-47A2-A1DB-0AEBE9ABC499}.Debug|Any CPU.Build.0 = Debug|Any CPU
		{D6FFCB3C-8B3D-47A2-A1DB-0AEBE9ABC499}.Release|Any CPU.ActiveCfg = Release|Any CPU
		{D6FFCB3C-8B3D-47A2-A1DB-0AEBE9ABC499}.Release|Any CPU.Build.0 = Release|Any CPU
		{0E718432-B23D-4123-936C-7E1C0EBD6C70}.Debug|Any CPU.ActiveCfg = Debug|Any CPU
		{0E718432-B23D-4123-936C-7E1C0EBD6C70}.Debug|Any CPU.Build.0 = Debug|Any CPU
		{0E718432-B23D-4123-936C-7E1C0EBD6C70}.Release|Any CPU.ActiveCfg = Release|Any CPU
		{0E718432-B23D-4123-936C-7E1C0EBD6C70}.Release|Any CPU.Build.0 = Release|Any CPU
		{E4EAEC7D-7B00-450D-8974-54B709271BAB}.Debug|Any CPU.ActiveCfg = Debug|Any CPU
		{E4EAEC7D-7B00-450D-8974-54B709271BAB}.Debug|Any CPU.Build.0 = Debug|Any CPU
		{E4EAEC7D-7B00-450D-8974-54B709271BAB}.Release|Any CPU.ActiveCfg = Release|Any CPU
		{E4EAEC7D-7B00-450D-8974-54B709271BAB}.Release|Any CPU.Build.0 = Release|Any CPU
		{E4FE2D0B-1B75-465E-9DAB-2489D6EF28C7}.Debug|Any CPU.ActiveCfg = Debug|Any CPU
		{E4FE2D0B-1B75-465E-9DAB-2489D6EF28C7}.Debug|Any CPU.Build.0 = Debug|Any CPU
		{E4FE2D0B-1B75-465E-9DAB-2489D6EF28C7}.Release|Any CPU.ActiveCfg = Release|Any CPU
		{E4FE2D0B-1B75-465E-9DAB-2489D6EF28C7}.Release|Any CPU.Build.0 = Release|Any CPU
		{97D80254-169B-4348-B853-200BD89416CB}.Debug|Any CPU.ActiveCfg = Debug|Any CPU
		{97D80254-169B-4348-B853-200BD89416CB}.Debug|Any CPU.Build.0 = Debug|Any CPU
		{97D80254-169B-4348-B853-200BD89416CB}.Release|Any CPU.ActiveCfg = Release|Any CPU
		{97D80254-169B-4348-B853-200BD89416CB}.Release|Any CPU.Build.0 = Release|Any CPU
		{36D0439E-A0D2-4DFB-93F7-3835C84E381A}.Debug|Any CPU.ActiveCfg = Debug|Any CPU
		{36D0439E-A0D2-4DFB-93F7-3835C84E381A}.Debug|Any CPU.Build.0 = Debug|Any CPU
		{36D0439E-A0D2-4DFB-93F7-3835C84E381A}.Release|Any CPU.ActiveCfg = Release|Any CPU
		{36D0439E-A0D2-4DFB-93F7-3835C84E381A}.Release|Any CPU.Build.0 = Release|Any CPU
		{6FC81C49-B534-4663-9E26-FCACF756B861}.Debug|Any CPU.ActiveCfg = Debug|Any CPU
		{6FC81C49-B534-4663-9E26-FCACF756B861}.Debug|Any CPU.Build.0 = Debug|Any CPU
		{6FC81C49-B534-4663-9E26-FCACF756B861}.Release|Any CPU.ActiveCfg = Release|Any CPU
		{6FC81C49-B534-4663-9E26-FCACF756B861}.Release|Any CPU.Build.0 = Release|Any CPU
		{A9E2F7AB-3BAC-4074-BF61-319CA8595495}.Debug|Any CPU.ActiveCfg = Debug|Any CPU
		{A9E2F7AB-3BAC-4074-BF61-319CA8595495}.Debug|Any CPU.Build.0 = Debug|Any CPU
		{A9E2F7AB-3BAC-4074-BF61-319CA8595495}.Release|Any CPU.ActiveCfg = Release|Any CPU
		{A9E2F7AB-3BAC-4074-BF61-319CA8595495}.Release|Any CPU.Build.0 = Release|Any CPU
		{114AA9D3-D82E-410F-B954-2FED9435EB78}.Debug|Any CPU.ActiveCfg = Debug|Any CPU
		{114AA9D3-D82E-410F-B954-2FED9435EB78}.Debug|Any CPU.Build.0 = Debug|Any CPU
		{114AA9D3-D82E-410F-B954-2FED9435EB78}.Release|Any CPU.ActiveCfg = Release|Any CPU
		{114AA9D3-D82E-410F-B954-2FED9435EB78}.Release|Any CPU.Build.0 = Release|Any CPU
		{BE1AC00C-48D8-4066-A6E3-550CBE488287}.Debug|Any CPU.ActiveCfg = Debug|Any CPU
		{BE1AC00C-48D8-4066-A6E3-550CBE488287}.Debug|Any CPU.Build.0 = Debug|Any CPU
		{BE1AC00C-48D8-4066-A6E3-550CBE488287}.Release|Any CPU.ActiveCfg = Release|Any CPU
		{BE1AC00C-48D8-4066-A6E3-550CBE488287}.Release|Any CPU.Build.0 = Release|Any CPU
		{B48446B0-D490-4F95-AE35-6FDB653B054A}.Debug|Any CPU.ActiveCfg = Debug|Any CPU
		{B48446B0-D490-4F95-AE35-6FDB653B054A}.Debug|Any CPU.Build.0 = Debug|Any CPU
		{B48446B0-D490-4F95-AE35-6FDB653B054A}.Release|Any CPU.ActiveCfg = Release|Any CPU
		{B48446B0-D490-4F95-AE35-6FDB653B054A}.Release|Any CPU.Build.0 = Release|Any CPU
		{05CA5F2B-9554-4ABF-BFC0-869AA40A66CB}.Debug|Any CPU.ActiveCfg = Debug|Any CPU
		{05CA5F2B-9554-4ABF-BFC0-869AA40A66CB}.Debug|Any CPU.Build.0 = Debug|Any CPU
		{05CA5F2B-9554-4ABF-BFC0-869AA40A66CB}.Release|Any CPU.ActiveCfg = Release|Any CPU
		{05CA5F2B-9554-4ABF-BFC0-869AA40A66CB}.Release|Any CPU.Build.0 = Release|Any CPU
		{B2A666F9-62F8-4E7B-9014-514A87709BAB}.Debug|Any CPU.ActiveCfg = Debug|Any CPU
		{B2A666F9-62F8-4E7B-9014-514A87709BAB}.Debug|Any CPU.Build.0 = Debug|Any CPU
		{B2A666F9-62F8-4E7B-9014-514A87709BAB}.Release|Any CPU.ActiveCfg = Release|Any CPU
		{B2A666F9-62F8-4E7B-9014-514A87709BAB}.Release|Any CPU.Build.0 = Release|Any CPU
		{C3E8C7F1-8F01-4966-9192-0ADFE5B321AB}.Debug|Any CPU.ActiveCfg = Debug|Any CPU
		{C3E8C7F1-8F01-4966-9192-0ADFE5B321AB}.Debug|Any CPU.Build.0 = Debug|Any CPU
		{C3E8C7F1-8F01-4966-9192-0ADFE5B321AB}.Release|Any CPU.ActiveCfg = Release|Any CPU
		{C3E8C7F1-8F01-4966-9192-0ADFE5B321AB}.Release|Any CPU.Build.0 = Release|Any CPU
		{6A802442-19AF-4C4A-A897-2CEC42D91B3D}.Debug|Any CPU.ActiveCfg = Debug|Any CPU
		{6A802442-19AF-4C4A-A897-2CEC42D91B3D}.Debug|Any CPU.Build.0 = Debug|Any CPU
		{6A802442-19AF-4C4A-A897-2CEC42D91B3D}.Release|Any CPU.ActiveCfg = Release|Any CPU
		{6A802442-19AF-4C4A-A897-2CEC42D91B3D}.Release|Any CPU.Build.0 = Release|Any CPU
		{E8B927CB-5D71-4828-B2B4-79DAF3D3C37B}.Debug|Any CPU.ActiveCfg = Debug|Any CPU
		{E8B927CB-5D71-4828-B2B4-79DAF3D3C37B}.Debug|Any CPU.Build.0 = Debug|Any CPU
		{E8B927CB-5D71-4828-B2B4-79DAF3D3C37B}.Release|Any CPU.ActiveCfg = Release|Any CPU
		{E8B927CB-5D71-4828-B2B4-79DAF3D3C37B}.Release|Any CPU.Build.0 = Release|Any CPU
		{ED7C13DA-B58B-4DBA-964B-E2D2ADC1FD31}.Debug|Any CPU.ActiveCfg = Debug|Any CPU
		{ED7C13DA-B58B-4DBA-964B-E2D2ADC1FD31}.Debug|Any CPU.Build.0 = Debug|Any CPU
		{ED7C13DA-B58B-4DBA-964B-E2D2ADC1FD31}.Release|Any CPU.ActiveCfg = Release|Any CPU
		{ED7C13DA-B58B-4DBA-964B-E2D2ADC1FD31}.Release|Any CPU.Build.0 = Release|Any CPU
		{76D97AE1-1735-4123-9191-39EE78EB29CE}.Debug|Any CPU.ActiveCfg = Debug|Any CPU
		{76D97AE1-1735-4123-9191-39EE78EB29CE}.Debug|Any CPU.Build.0 = Debug|Any CPU
		{76D97AE1-1735-4123-9191-39EE78EB29CE}.Release|Any CPU.ActiveCfg = Release|Any CPU
		{76D97AE1-1735-4123-9191-39EE78EB29CE}.Release|Any CPU.Build.0 = Release|Any CPU
		{1A50D44D-A24A-416F-BE7E-E87F42DE7A68}.Debug|Any CPU.ActiveCfg = Debug|Any CPU
		{1A50D44D-A24A-416F-BE7E-E87F42DE7A68}.Debug|Any CPU.Build.0 = Debug|Any CPU
		{1A50D44D-A24A-416F-BE7E-E87F42DE7A68}.Release|Any CPU.ActiveCfg = Release|Any CPU
		{1A50D44D-A24A-416F-BE7E-E87F42DE7A68}.Release|Any CPU.Build.0 = Release|Any CPU
	EndGlobalSection
	GlobalSection(SolutionProperties) = preSolution
		HideSolutionNode = FALSE
	EndGlobalSection
	GlobalSection(NestedProjects) = preSolution
		{2E862F64-D57A-4331-9744-222A7FCD0B22} = {FE33A4A5-0B7A-4481-93AA-CBE10BDAEC9F}
		{24D41186-D979-4D94-9A62-088212EA6206} = {2E862F64-D57A-4331-9744-222A7FCD0B22}
		{B13C72DC-AAEA-44AA-AF49-BE044473A75D} = {FE33A4A5-0B7A-4481-93AA-CBE10BDAEC9F}
		{3BE0E3A5-E627-4810-B6C5-F6E4E4A0128A} = {B13C72DC-AAEA-44AA-AF49-BE044473A75D}
		{D0122C5E-91D6-4992-8B0E-29251D16644C} = {FE33A4A5-0B7A-4481-93AA-CBE10BDAEC9F}
		{B4317DDF-6662-432D-ACA2-EE550282335C} = {D0122C5E-91D6-4992-8B0E-29251D16644C}
		{2B11B32D-6A57-464D-B754-00034066492C} = {B13C72DC-AAEA-44AA-AF49-BE044473A75D}
		{99756725-AF63-43A2-947A-D6F1DFE61262} = {D0122C5E-91D6-4992-8B0E-29251D16644C}
		{93014401-0407-49D2-8B49-0089701CBDD5} = {3F726E75-A527-4898-ADFD-7BDDA4B48CFA}
		{BC10A0C8-116F-43F7-A39B-9104ACC2106F} = {93014401-0407-49D2-8B49-0089701CBDD5}
		{AC7304F6-D73E-4EF9-AB03-2E7C51EEB3CD} = {3F726E75-A527-4898-ADFD-7BDDA4B48CFA}
		{D6FFCB3C-8B3D-47A2-A1DB-0AEBE9ABC499} = {AC7304F6-D73E-4EF9-AB03-2E7C51EEB3CD}
		{0E718432-B23D-4123-936C-7E1C0EBD6C70} = {AC7304F6-D73E-4EF9-AB03-2E7C51EEB3CD}
		{C61C2168-B75A-4B70-B1DF-217CF05279F6} = {3F726E75-A527-4898-ADFD-7BDDA4B48CFA}
		{E4EAEC7D-7B00-450D-8974-54B709271BAB} = {C61C2168-B75A-4B70-B1DF-217CF05279F6}
		{E4FE2D0B-1B75-465E-9DAB-2489D6EF28C7} = {C61C2168-B75A-4B70-B1DF-217CF05279F6}
		{0017A4C6-0D6C-4341-A3FF-89E424FB8978} = {AB1B75ED-5D6B-4831-860B-5759A3FF9711}
		{C1D39D77-C2F1-4534-BD98-A4A00B759568} = {AB1B75ED-5D6B-4831-860B-5759A3FF9711}
		{A19C32D1-E6B2-4A68-B3F1-01391BAB6938} = {AB1B75ED-5D6B-4831-860B-5759A3FF9711}
		{97D80254-169B-4348-B853-200BD89416CB} = {C1D39D77-C2F1-4534-BD98-A4A00B759568}
		{36D0439E-A0D2-4DFB-93F7-3835C84E381A} = {0017A4C6-0D6C-4341-A3FF-89E424FB8978}
		{6FC81C49-B534-4663-9E26-FCACF756B861} = {0017A4C6-0D6C-4341-A3FF-89E424FB8978}
		{A9E2F7AB-3BAC-4074-BF61-319CA8595495} = {A19C32D1-E6B2-4A68-B3F1-01391BAB6938}
		{114AA9D3-D82E-410F-B954-2FED9435EB78} = {A19C32D1-E6B2-4A68-B3F1-01391BAB6938}
		{8925D849-D927-40B5-A55F-4119CEDCB5C0} = {77D79FE3-E814-4D31-9EC2-229C5662CD29}
		{7A57AEB5-47B1-4D32-81C7-B515051590BD} = {77D79FE3-E814-4D31-9EC2-229C5662CD29}
		{CBD273FD-ADF2-47E2-B4BF-EF05B5905373} = {77D79FE3-E814-4D31-9EC2-229C5662CD29}
		{BE1AC00C-48D8-4066-A6E3-550CBE488287} = {8925D849-D927-40B5-A55F-4119CEDCB5C0}
		{B48446B0-D490-4F95-AE35-6FDB653B054A} = {7A57AEB5-47B1-4D32-81C7-B515051590BD}
		{05CA5F2B-9554-4ABF-BFC0-869AA40A66CB} = {7A57AEB5-47B1-4D32-81C7-B515051590BD}
		{B2A666F9-62F8-4E7B-9014-514A87709BAB} = {CBD273FD-ADF2-47E2-B4BF-EF05B5905373}
		{C3E8C7F1-8F01-4966-9192-0ADFE5B321AB} = {CBD273FD-ADF2-47E2-B4BF-EF05B5905373}
		{20251EB0-F40C-4653-BAFA-28B22A7C9B1F} = {17EECEF7-B3E8-4844-A8B7-0196F2DF03AD}
		{A6DD5AB9-01AE-4684-A078-1364C9675A21} = {17EECEF7-B3E8-4844-A8B7-0196F2DF03AD}
		{27D23F95-DD5E-452D-AB5D-3EEBF22C8F2E} = {17EECEF7-B3E8-4844-A8B7-0196F2DF03AD}
		{6A802442-19AF-4C4A-A897-2CEC42D91B3D} = {20251EB0-F40C-4653-BAFA-28B22A7C9B1F}
		{E8B927CB-5D71-4828-B2B4-79DAF3D3C37B} = {A6DD5AB9-01AE-4684-A078-1364C9675A21}
		{ED7C13DA-B58B-4DBA-964B-E2D2ADC1FD31} = {A6DD5AB9-01AE-4684-A078-1364C9675A21}
		{76D97AE1-1735-4123-9191-39EE78EB29CE} = {27D23F95-DD5E-452D-AB5D-3EEBF22C8F2E}
		{1A50D44D-A24A-416F-BE7E-E87F42DE7A68} = {27D23F95-DD5E-452D-AB5D-3EEBF22C8F2E}
	EndGlobalSection
	GlobalSection(ExtensibilityGlobals) = postSolution
		SolutionGuid = {490FB8CC-AC9E-4DA0-A403-81636E3C85F1}
	EndGlobalSection
EndGlobal
